<?xml version="1.0" encoding="utf-8"?>
<Project ToolsVersion="4.0" xmlns="http://schemas.microsoft.com/developer/msbuild/2003">
  <ItemGroup>
    <Filter Include="Source Files">
      <UniqueIdentifier>{4FC737F1-C7A5-4376-A066-2A32D752A2FF}</UniqueIdentifier>
      <Extensions>cpp;c;cc;cxx;c++;cppm;ixx;def;odl;idl;hpj;bat;asm;asmx</Extensions>
    </Filter>
    <Filter Include="Header Files">
      <UniqueIdentifier>{93995380-89BD-4b04-88EB-625FBE52EBFB}</UniqueIdentifier>
      <Extensions>h;hh;hpp;hxx;h++;hm;inl;inc;ipp;xsd</Extensions>
    </Filter>
    <Filter Include="Resource Files">
      <UniqueIdentifier>{67DA6AB6-F800-4c08-8B7A-83BB121AAD01}</UniqueIdentifier>
      <Extensions>rc;ico;cur;bmp;dlg;rc2;rct;bin;rgs;gif;jpg;jpeg;jpe;resx;tiff;tif;png;wav;mfcribbon-ms</Extensions>
    </Filter>
  </ItemGroup>
  <ItemGroup>
    <ClInclude Include="simple.h">
      <Filter>Header Files</Filter>
    </ClInclude>
    <ClInclude Include="simpleArray.h">
      <Filter>Header Files</Filter>
    </ClInclude>
    <ClInclude Include="simpleArrayTests.h">
      <Filter>Header Files</Filter>
    </ClInclude>
    <ClInclude Include="simpleBitmap.h">
      <Filter>Header Files</Filter>
    </ClInclude>
    <ClInclude Include="simpleBoundingBox.h">
      <Filter>Header Files</Filter>
    </ClInclude>
    <ClInclude Include="simpleBST.h">
      <Filter>Header Files</Filter>
    </ClInclude>
    <ClInclude Include="simpleBSTNode.h">
      <Filter>Header Files</Filter>
    </ClInclude>
    <ClInclude Include="simpleBSTTests.h">
      <Filter>Header Files</Filter>
    </ClInclude>
    <ClInclude Include="simpleBuffer.h">
      <Filter>Header Files</Filter>
    </ClInclude>
    <ClInclude Include="simpleComponentTests.h">
      <Filter>Header Files</Filter>
    </ClInclude>
    <ClInclude Include="simpleDataStream.h">
      <Filter>Header Files</Filter>
    </ClInclude>
    <ClInclude Include="simpleDirectoryEntry.h">
      <Filter>Header Files</Filter>
    </ClInclude>
    <ClInclude Include="simpleEnumString.h">
      <Filter>Header Files</Filter>
    </ClInclude>
    <ClInclude Include="simpleException.h">
      <Filter>Header Files</Filter>
    </ClInclude>
    <ClInclude Include="simpleExt.h">
      <Filter>Header Files</Filter>
    </ClInclude>
    <ClInclude Include="simpleFileEntry.h">
      <Filter>Header Files</Filter>
    </ClInclude>
    <ClInclude Include="simpleFileIO.h">
      <Filter>Header Files</Filter>
    </ClInclude>
    <ClInclude Include="simpleFrameBuffer.h">
      <Filter>Header Files</Filter>
    </ClInclude>
    <ClInclude Include="simpleGlData.h">
      <Filter>Header Files</Filter>
    </ClInclude>
    <ClInclude Include="simpleGlObject.h">
      <Filter>Header Files</Filter>
    </ClInclude>
    <ClInclude Include="simpleHash.h">
      <Filter>Header Files</Filter>
    </ClInclude>
    <ClInclude Include="simpleHashBasicCore.h">
      <Filter>Header Files</Filter>
    </ClInclude>
    <ClInclude Include="simpleHashCore.h">
      <Filter>Header Files</Filter>
    </ClInclude>
    <ClInclude Include="simpleHashStdCore.h">
      <Filter>Header Files</Filter>
    </ClInclude>
    <ClInclude Include="simpleHashTests.h">
      <Filter>Header Files</Filter>
    </ClInclude>
    <ClInclude Include="simpleKeyboardState.h">
      <Filter>Header Files</Filter>
    </ClInclude>
    <ClInclude Include="simpleLine.h">
      <Filter>Header Files</Filter>
    </ClInclude>
    <ClInclude Include="simpleList.h">
      <Filter>Header Files</Filter>
    </ClInclude>
    <ClInclude Include="simpleListExtension.h">
      <Filter>Header Files</Filter>
    </ClInclude>
    <ClInclude Include="simpleLogger.h">
      <Filter>Header Files</Filter>
    </ClInclude>
    <ClInclude Include="simpleMaskedInt32.h">
      <Filter>Header Files</Filter>
    </ClInclude>
    <ClInclude Include="simpleMath.h">
      <Filter>Header Files</Filter>
    </ClInclude>
    <ClInclude Include="simpleMouseState.h">
      <Filter>Header Files</Filter>
    </ClInclude>
    <ClInclude Include="simpleOpenGL.h">
      <Filter>Header Files</Filter>
    </ClInclude>
    <ClInclude Include="simpleOrderedList.h">
      <Filter>Header Files</Filter>
    </ClInclude>
    <ClInclude Include="simplePair.h">
      <Filter>Header Files</Filter>
    </ClInclude>
    <ClInclude Include="simplePeriodCounter.h">
      <Filter>Header Files</Filter>
    </ClInclude>
    <ClInclude Include="simplePixel.h">
      <Filter>Header Files</Filter>
    </ClInclude>
    <ClInclude Include="simplePixelFilter.h">
      <Filter>Header Files</Filter>
    </ClInclude>
    <ClInclude Include="simplePoint.h">
      <Filter>Header Files</Filter>
    </ClInclude>
    <ClInclude Include="simpleQueue.h">
      <Filter>Header Files</Filter>
    </ClInclude>
    <ClInclude Include="simpleRange.h">
      <Filter>Header Files</Filter>
    </ClInclude>
    <ClInclude Include="simpleRectangle.h">
      <Filter>Header Files</Filter>
    </ClInclude>
    <ClInclude Include="simpleShader.h">
      <Filter>Header Files</Filter>
    </ClInclude>
    <ClInclude Include="simpleShaderProgram.h">
      <Filter>Header Files</Filter>
    </ClInclude>
    <ClInclude Include="simpleStack.h">
      <Filter>Header Files</Filter>
    </ClInclude>
    <ClInclude Include="simpleString.h">
      <Filter>Header Files</Filter>
    </ClInclude>
    <ClInclude Include="simpleTexture.h">
      <Filter>Header Files</Filter>
    </ClInclude>
    <ClInclude Include="simpleTimer.h">
      <Filter>Header Files</Filter>
    </ClInclude>
    <ClInclude Include="simpleTriangle.h">
      <Filter>Header Files</Filter>
    </ClInclude>
    <ClInclude Include="simpleUniform.h">
      <Filter>Header Files</Filter>
    </ClInclude>
    <ClInclude Include="simpleVector.h">
      <Filter>Header Files</Filter>
    </ClInclude>
    <ClInclude Include="simpleVertexArray.h">
      <Filter>Header Files</Filter>
    </ClInclude>
    <ClInclude Include="simpleVertexAttribute.h">
      <Filter>Header Files</Filter>
    </ClInclude>
    <ClInclude Include="simpleVertexBuffer.h">
      <Filter>Header Files</Filter>
    </ClInclude>
  </ItemGroup>
</Project>